
Microsoft Visual Studio Solution File, Format Version 12.00
# Visual Studio Version 17
VisualStudioVersion = 17.12.35707.178
MinimumVisualStudioVersion = 10.0.40219.1
Project("{FAE04EC0-301F-11D3-BF4B-00C04F79EFBC}") = "narozip2epub", "narozip2epub\narozip2epub.csproj", "{78E090C1-E16C-4C5C-9461-C5319EA75BEA}"
EndProject
Global
	GlobalSection(SolutionConfigurationPlatforms) = preSolution
		Debug|Any CPU = Debug|Any CPU
		Release|Any CPU = Release|Any CPU
	EndGlobalSection
	GlobalSection(ProjectConfigurationPlatforms) = postSolution
		{78E090C1-E16C-4C5C-9461-C5319EA75BEA}.Debug|Any CPU.ActiveCfg = Debug|Any CPU
		{78E090C1-E16C-4C5C-9461-C5319EA75BEA}.Debug|Any CPU.Build.0 = Debug|Any CPU
		{78E090C1-E16C-4C5C-9461-C5319EA75BEA}.Release|Any CPU.ActiveCfg = Release|Any CPU
		{78E090C1-E16C-4C5C-9461-C5319EA75BEA}.Release|Any CPU.Build.0 = Release|Any CPU
	EndGlobalSection
	GlobalSection(SolutionProperties) = preSolution
		HideSolutionNode = FALSE
	EndGlobalSection
EndGlobal
